{
  "name": "get-claudia",
  "version": "1.56.1",
  "lockfileVersion": 3,
  "requires": true,
  "packages": {
    "": {
      "name": "get-claudia",
      "version": "1.56.1",
      "license": "SEE LICENSE IN LICENSE",
      "bin": {
        "get-claudia": "bin/index.js"
      },
      "devDependencies": {},
      "engines": {
        "node": ">=18.0.0"
      }
    }
  }
}
